
Microsoft Visual Studio Solution File, Format Version 12.00
# Visual Studio Version 17
VisualStudioVersion = 17.8.34330.188
MinimumVisualStudioVersion = 10.0.40219.1
Project("{FAE04EC0-301F-11D3-BF4B-00C04F79EFBC}") = "Farm", "Farm\Farm.csproj", "{CE15D35A-CF45-42B7-A7C9-8C8C1002A14F}"
EndProject
Project("{FAE04EC0-301F-11D3-BF4B-00C04F79EFBC}") = "CustomRandomList", "04.RandomList\CustomRandomList.csproj", "{522AD64C-BA51-4669-B06A-204ABF407EF4}"
EndProject
Project("{FAE04EC0-301F-11D3-BF4B-00C04F79EFBC}") = "CustomStack", "CustomStack\CustomStack.csproj", "{DEBC5206-976A-413D-95D8-65AE7EA7FAFF}"
EndProject
Global
	GlobalSection(SolutionConfigurationPlatforms) = preSolution
		Debug|Any CPU = Debug|Any CPU
		Release|Any CPU = Release|Any CPU
	EndGlobalSection
	GlobalSection(ProjectConfigurationPlatforms) = postSolution
		{CE15D35A-CF45-42B7-A7C9-8C8C1002A14F}.Debug|Any CPU.ActiveCfg = Debug|Any CPU
		{CE15D35A-CF45-42B7-A7C9-8C8C1002A14F}.Debug|Any CPU.Build.0 = Debug|Any CPU
		{CE15D35A-CF45-42B7-A7C9-8C8C1002A14F}.Release|Any CPU.ActiveCfg = Release|Any CPU
		{CE15D35A-CF45-42B7-A7C9-8C8C1002A14F}.Release|Any CPU.Build.0 = Release|Any CPU
		{522AD64C-BA51-4669-B06A-204ABF407EF4}.Debug|Any CPU.ActiveCfg = Debug|Any CPU
		{522AD64C-BA51-4669-B06A-204ABF407EF4}.Debug|Any CPU.Build.0 = Debug|Any CPU
		{522AD64C-BA51-4669-B06A-204ABF407EF4}.Release|Any CPU.ActiveCfg = Release|Any CPU
		{522AD64C-BA51-4669-B06A-204ABF407EF4}.Release|Any CPU.Build.0 = Release|Any CPU
		{DEBC5206-976A-413D-95D8-65AE7EA7FAFF}.Debug|Any CPU.ActiveCfg = Debug|Any CPU
		{DEBC5206-976A-413D-95D8-65AE7EA7FAFF}.Debug|Any CPU.Build.0 = Debug|Any CPU
		{DEBC5206-976A-413D-95D8-65AE7EA7FAFF}.Release|Any CPU.ActiveCfg = Release|Any CPU
		{DEBC5206-976A-413D-95D8-65AE7EA7FAFF}.Release|Any CPU.Build.0 = Release|Any CPU
	EndGlobalSection
	GlobalSection(SolutionProperties) = preSolution
		HideSolutionNode = FALSE
	EndGlobalSection
	GlobalSection(ExtensibilityGlobals) = postSolution
		SolutionGuid = {3678D747-5AA6-49FB-B56A-6EE2DDA41F0A}
	EndGlobalSection
EndGlobal
