
Microsoft Visual Studio Solution File, Format Version 12.00
# Visual Studio Version 17
VisualStudioVersion = 17.8.34330.188
MinimumVisualStudioVersion = 10.0.40219.1
Project("{FAE04EC0-301F-11D3-BF4B-00C04F79EFBC}") = "01.ClassBoxData", "01.ClassBoxData\01.ClassBoxData.csproj", "{48EBBBED-5FB3-45D1-BE61-0C4DECF6F38E}"
EndProject
Global
	GlobalSection(SolutionConfigurationPlatforms) = preSolution
		Debug|Any CPU = Debug|Any CPU
		Release|Any CPU = Release|Any CPU
	EndGlobalSection
	GlobalSection(ProjectConfigurationPlatforms) = postSolution
		{48EBBBED-5FB3-45D1-BE61-0C4DECF6F38E}.Debug|Any CPU.ActiveCfg = Debug|Any CPU
		{48EBBBED-5FB3-45D1-BE61-0C4DECF6F38E}.Debug|Any CPU.Build.0 = Debug|Any CPU
		{48EBBBED-5FB3-45D1-BE61-0C4DECF6F38E}.Release|Any CPU.ActiveCfg = Release|Any CPU
		{48EBBBED-5FB3-45D1-BE61-0C4DECF6F38E}.Release|Any CPU.Build.0 = Release|Any CPU
	EndGlobalSection
	GlobalSection(SolutionProperties) = preSolution
		HideSolutionNode = FALSE
	EndGlobalSection
	GlobalSection(ExtensibilityGlobals) = postSolution
		SolutionGuid = {5B73F9D5-3C7A-49AF-89D8-A59EC88BF5EB}
	EndGlobalSection
EndGlobal
