
Microsoft Visual Studio Solution File, Format Version 12.00
# Visual Studio Version 17
VisualStudioVersion = 17.8.34330.188
MinimumVisualStudioVersion = 10.0.40219.1
Project("{9A19103F-16F7-4668-BE54-9A1E7A4F7556}") = "03. Match Dates", "03. Match Dates\03. Match Dates.csproj", "{5EFB5E10-5B0D-45DC-89DB-AB50F820C5FE}"
EndProject
Project("{FAE04EC0-301F-11D3-BF4B-00C04F79EFBC}") = "01. Match Full Name", "01. Match Full Name\01. Match Full Name.csproj", "{5F7CE314-BDEB-4852-893F-D84A23881D92}"
EndProject
Project("{FAE04EC0-301F-11D3-BF4B-00C04F79EFBC}") = "02. Match Phone Number", "02. Match Phone Number\02. Match Phone Number.csproj", "{84954B15-C63D-4D5D-A661-D768DBF69EA1}"
EndProject
Global
	GlobalSection(SolutionConfigurationPlatforms) = preSolution
		Debug|Any CPU = Debug|Any CPU
		Release|Any CPU = Release|Any CPU
	EndGlobalSection
	GlobalSection(ProjectConfigurationPlatforms) = postSolution
		{5EFB5E10-5B0D-45DC-89DB-AB50F820C5FE}.Debug|Any CPU.ActiveCfg = Debug|Any CPU
		{5EFB5E10-5B0D-45DC-89DB-AB50F820C5FE}.Debug|Any CPU.Build.0 = Debug|Any CPU
		{5EFB5E10-5B0D-45DC-89DB-AB50F820C5FE}.Release|Any CPU.ActiveCfg = Release|Any CPU
		{5EFB5E10-5B0D-45DC-89DB-AB50F820C5FE}.Release|Any CPU.Build.0 = Release|Any CPU
		{5F7CE314-BDEB-4852-893F-D84A23881D92}.Debug|Any CPU.ActiveCfg = Debug|Any CPU
		{5F7CE314-BDEB-4852-893F-D84A23881D92}.Debug|Any CPU.Build.0 = Debug|Any CPU
		{5F7CE314-BDEB-4852-893F-D84A23881D92}.Release|Any CPU.ActiveCfg = Release|Any CPU
		{5F7CE314-BDEB-4852-893F-D84A23881D92}.Release|Any CPU.Build.0 = Release|Any CPU
		{84954B15-C63D-4D5D-A661-D768DBF69EA1}.Debug|Any CPU.ActiveCfg = Debug|Any CPU
		{84954B15-C63D-4D5D-A661-D768DBF69EA1}.Debug|Any CPU.Build.0 = Debug|Any CPU
		{84954B15-C63D-4D5D-A661-D768DBF69EA1}.Release|Any CPU.ActiveCfg = Release|Any CPU
		{84954B15-C63D-4D5D-A661-D768DBF69EA1}.Release|Any CPU.Build.0 = Release|Any CPU
	EndGlobalSection
	GlobalSection(SolutionProperties) = preSolution
		HideSolutionNode = FALSE
	EndGlobalSection
	GlobalSection(ExtensibilityGlobals) = postSolution
		SolutionGuid = {B7356143-A18E-43AA-A5AF-389CB2B3B461}
	EndGlobalSection
EndGlobal
