
Microsoft Visual Studio Solution File, Format Version 12.00
# Visual Studio Version 17
VisualStudioVersion = 17.8.34330.188
MinimumVisualStudioVersion = 10.0.40219.1
Project("{9A19103F-16F7-4668-BE54-9A1E7A4F7556}") = "01.ActionPrint", "01.ActionPrint\01.ActionPrint.csproj", "{7CA61882-45F5-42A0-A408-788885068F8C}"
EndProject
Project("{9A19103F-16F7-4668-BE54-9A1E7A4F7556}") = "02.KnightsOfHonor", "02.KnightsOfHonor\02.KnightsOfHonor.csproj", "{46F5F61F-D377-4425-8563-F48C9324FD8D}"
EndProject
Project("{FAE04EC0-301F-11D3-BF4B-00C04F79EFBC}") = "03.CustomMinFunction", "03.CustomMinFunction\03.CustomMinFunction.csproj", "{949C1559-4F77-4FF2-AAC8-EC4C4AB28BB2}"
EndProject
Project("{FAE04EC0-301F-11D3-BF4B-00C04F79EFBC}") = "04.FindEvensOrOdds", "04.FindEvensOrOdds\04.FindEvensOrOdds.csproj", "{FCE11086-DD23-443A-B802-2F1CE679CEF3}"
EndProject
Project("{FAE04EC0-301F-11D3-BF4B-00C04F79EFBC}") = "05.AppliedArithmetics", "05.AppliedArithmetics\05.AppliedArithmetics.csproj", "{AF638ECF-630A-4323-A3D0-3B8E46104C82}"
EndProject
Global
	GlobalSection(SolutionConfigurationPlatforms) = preSolution
		Debug|Any CPU = Debug|Any CPU
		Release|Any CPU = Release|Any CPU
	EndGlobalSection
	GlobalSection(ProjectConfigurationPlatforms) = postSolution
		{7CA61882-45F5-42A0-A408-788885068F8C}.Debug|Any CPU.ActiveCfg = Debug|Any CPU
		{7CA61882-45F5-42A0-A408-788885068F8C}.Debug|Any CPU.Build.0 = Debug|Any CPU
		{7CA61882-45F5-42A0-A408-788885068F8C}.Release|Any CPU.ActiveCfg = Release|Any CPU
		{7CA61882-45F5-42A0-A408-788885068F8C}.Release|Any CPU.Build.0 = Release|Any CPU
		{46F5F61F-D377-4425-8563-F48C9324FD8D}.Debug|Any CPU.ActiveCfg = Debug|Any CPU
		{46F5F61F-D377-4425-8563-F48C9324FD8D}.Debug|Any CPU.Build.0 = Debug|Any CPU
		{46F5F61F-D377-4425-8563-F48C9324FD8D}.Release|Any CPU.ActiveCfg = Release|Any CPU
		{46F5F61F-D377-4425-8563-F48C9324FD8D}.Release|Any CPU.Build.0 = Release|Any CPU
		{949C1559-4F77-4FF2-AAC8-EC4C4AB28BB2}.Debug|Any CPU.ActiveCfg = Debug|Any CPU
		{949C1559-4F77-4FF2-AAC8-EC4C4AB28BB2}.Debug|Any CPU.Build.0 = Debug|Any CPU
		{949C1559-4F77-4FF2-AAC8-EC4C4AB28BB2}.Release|Any CPU.ActiveCfg = Release|Any CPU
		{949C1559-4F77-4FF2-AAC8-EC4C4AB28BB2}.Release|Any CPU.Build.0 = Release|Any CPU
		{FCE11086-DD23-443A-B802-2F1CE679CEF3}.Debug|Any CPU.ActiveCfg = Debug|Any CPU
		{FCE11086-DD23-443A-B802-2F1CE679CEF3}.Debug|Any CPU.Build.0 = Debug|Any CPU
		{FCE11086-DD23-443A-B802-2F1CE679CEF3}.Release|Any CPU.ActiveCfg = Release|Any CPU
		{FCE11086-DD23-443A-B802-2F1CE679CEF3}.Release|Any CPU.Build.0 = Release|Any CPU
		{AF638ECF-630A-4323-A3D0-3B8E46104C82}.Debug|Any CPU.ActiveCfg = Debug|Any CPU
		{AF638ECF-630A-4323-A3D0-3B8E46104C82}.Debug|Any CPU.Build.0 = Debug|Any CPU
		{AF638ECF-630A-4323-A3D0-3B8E46104C82}.Release|Any CPU.ActiveCfg = Release|Any CPU
		{AF638ECF-630A-4323-A3D0-3B8E46104C82}.Release|Any CPU.Build.0 = Release|Any CPU
	EndGlobalSection
	GlobalSection(SolutionProperties) = preSolution
		HideSolutionNode = FALSE
	EndGlobalSection
	GlobalSection(ExtensibilityGlobals) = postSolution
		SolutionGuid = {F7749812-230C-41A7-8822-32820D8E2D31}
	EndGlobalSection
EndGlobal
