
Microsoft Visual Studio Solution File, Format Version 12.00
# Visual Studio Version 17
VisualStudioVersion = 17.8.34330.188
MinimumVisualStudioVersion = 10.0.40219.1
Project("{9A19103F-16F7-4668-BE54-9A1E7A4F7556}") = "01. Advertisement Message", "01. Advertisement Message\01. Advertisement Message.csproj", "{934403F6-B787-4163-9006-31BF023B124C}"
EndProject
Project("{9A19103F-16F7-4668-BE54-9A1E7A4F7556}") = "07. Order by Age", "07. Order by Age\07. Order by Age.csproj", "{0B53E457-022B-498A-9244-C32138EE2AB9}"
EndProject
Project("{9A19103F-16F7-4668-BE54-9A1E7A4F7556}") = "02. Articles", "02. Articles\02. Articles.csproj", "{71A10CEE-DC92-43C7-8036-416692E9019D}"
EndProject
Project("{9A19103F-16F7-4668-BE54-9A1E7A4F7556}") = "03. Articles 2.0", "03. Articles 2.0\03. Articles 2.0.csproj", "{24AD935A-7429-41A6-9025-410E5F940CE4}"
EndProject
Project("{9A19103F-16F7-4668-BE54-9A1E7A4F7556}") = "04. Students", "04. Students\04. Students.csproj", "{79998FA2-A7A8-4F87-84D3-9236BB9CF246}"
EndProject
Project("{9A19103F-16F7-4668-BE54-9A1E7A4F7556}") = "05. Teamwork Projects", "05. Teamwork Projects\05. Teamwork Projects.csproj", "{67250C59-FB32-44BE-B85A-ED6063F93EA6}"
EndProject
Project("{FAE04EC0-301F-11D3-BF4B-00C04F79EFBC}") = "06. Vehicle Catalogue", "06. Vehicle Catalogue\06. Vehicle Catalogue.csproj", "{979E2C51-20CE-4B22-85F0-066847960EB2}"
EndProject
Global
	GlobalSection(SolutionConfigurationPlatforms) = preSolution
		Debug|Any CPU = Debug|Any CPU
		Release|Any CPU = Release|Any CPU
	EndGlobalSection
	GlobalSection(ProjectConfigurationPlatforms) = postSolution
		{934403F6-B787-4163-9006-31BF023B124C}.Debug|Any CPU.ActiveCfg = Debug|Any CPU
		{934403F6-B787-4163-9006-31BF023B124C}.Debug|Any CPU.Build.0 = Debug|Any CPU
		{934403F6-B787-4163-9006-31BF023B124C}.Release|Any CPU.ActiveCfg = Release|Any CPU
		{934403F6-B787-4163-9006-31BF023B124C}.Release|Any CPU.Build.0 = Release|Any CPU
		{0B53E457-022B-498A-9244-C32138EE2AB9}.Debug|Any CPU.ActiveCfg = Debug|Any CPU
		{0B53E457-022B-498A-9244-C32138EE2AB9}.Debug|Any CPU.Build.0 = Debug|Any CPU
		{0B53E457-022B-498A-9244-C32138EE2AB9}.Release|Any CPU.ActiveCfg = Release|Any CPU
		{0B53E457-022B-498A-9244-C32138EE2AB9}.Release|Any CPU.Build.0 = Release|Any CPU
		{71A10CEE-DC92-43C7-8036-416692E9019D}.Debug|Any CPU.ActiveCfg = Debug|Any CPU
		{71A10CEE-DC92-43C7-8036-416692E9019D}.Debug|Any CPU.Build.0 = Debug|Any CPU
		{71A10CEE-DC92-43C7-8036-416692E9019D}.Release|Any CPU.ActiveCfg = Release|Any CPU
		{71A10CEE-DC92-43C7-8036-416692E9019D}.Release|Any CPU.Build.0 = Release|Any CPU
		{24AD935A-7429-41A6-9025-410E5F940CE4}.Debug|Any CPU.ActiveCfg = Debug|Any CPU
		{24AD935A-7429-41A6-9025-410E5F940CE4}.Debug|Any CPU.Build.0 = Debug|Any CPU
		{24AD935A-7429-41A6-9025-410E5F940CE4}.Release|Any CPU.ActiveCfg = Release|Any CPU
		{24AD935A-7429-41A6-9025-410E5F940CE4}.Release|Any CPU.Build.0 = Release|Any CPU
		{79998FA2-A7A8-4F87-84D3-9236BB9CF246}.Debug|Any CPU.ActiveCfg = Debug|Any CPU
		{79998FA2-A7A8-4F87-84D3-9236BB9CF246}.Debug|Any CPU.Build.0 = Debug|Any CPU
		{79998FA2-A7A8-4F87-84D3-9236BB9CF246}.Release|Any CPU.ActiveCfg = Release|Any CPU
		{79998FA2-A7A8-4F87-84D3-9236BB9CF246}.Release|Any CPU.Build.0 = Release|Any CPU
		{67250C59-FB32-44BE-B85A-ED6063F93EA6}.Debug|Any CPU.ActiveCfg = Debug|Any CPU
		{67250C59-FB32-44BE-B85A-ED6063F93EA6}.Debug|Any CPU.Build.0 = Debug|Any CPU
		{67250C59-FB32-44BE-B85A-ED6063F93EA6}.Release|Any CPU.ActiveCfg = Release|Any CPU
		{67250C59-FB32-44BE-B85A-ED6063F93EA6}.Release|Any CPU.Build.0 = Release|Any CPU
		{979E2C51-20CE-4B22-85F0-066847960EB2}.Debug|Any CPU.ActiveCfg = Debug|Any CPU
		{979E2C51-20CE-4B22-85F0-066847960EB2}.Debug|Any CPU.Build.0 = Debug|Any CPU
		{979E2C51-20CE-4B22-85F0-066847960EB2}.Release|Any CPU.ActiveCfg = Release|Any CPU
		{979E2C51-20CE-4B22-85F0-066847960EB2}.Release|Any CPU.Build.0 = Release|Any CPU
	EndGlobalSection
	GlobalSection(SolutionProperties) = preSolution
		HideSolutionNode = FALSE
	EndGlobalSection
	GlobalSection(ExtensibilityGlobals) = postSolution
		SolutionGuid = {E5DB667B-5E6B-48A3-AA35-E1E903F431C9}
	EndGlobalSection
EndGlobal
