
Microsoft Visual Studio Solution File, Format Version 12.00
# Visual Studio Version 17
VisualStudioVersion = 17.8.34330.188
MinimumVisualStudioVersion = 10.0.40219.1
Project("{FAE04EC0-301F-11D3-BF4B-00C04F79EFBC}") = "Problem 1 – Black Flag", "Problem 1 – Black Flag\Problem 1 – Black Flag.csproj", "{948C71C6-A2DD-4421-849E-3B8B36C035B2}"
EndProject
Project("{FAE04EC0-301F-11D3-BF4B-00C04F79EFBC}") = "Problem 2 – Shoot for the Win", "Problem 2 – Shoot for the Win\Problem 2 – Shoot for the Win.csproj", "{4FC734F3-6396-4945-BF83-69AA4BAAE8E6}"
EndProject
Project("{FAE04EC0-301F-11D3-BF4B-00C04F79EFBC}") = "Problem 3 – Numbers", "Problem 3 – Numbers\Problem 3 – Numbers.csproj", "{74407C0F-8BA8-41EC-82A0-8D8FF66F44BF}"
EndProject
Project("{FAE04EC0-301F-11D3-BF4B-00C04F79EFBC}") = "Problem 3 – Numbers (EasierSolution)", "Problem 3 – Numbers (EasierSolution)\Problem 3 – Numbers (EasierSolution).csproj", "{02E32276-C2E2-4850-822E-7838D3770993}"
EndProject
Global
	GlobalSection(SolutionConfigurationPlatforms) = preSolution
		Debug|Any CPU = Debug|Any CPU
		Release|Any CPU = Release|Any CPU
	EndGlobalSection
	GlobalSection(ProjectConfigurationPlatforms) = postSolution
		{948C71C6-A2DD-4421-849E-3B8B36C035B2}.Debug|Any CPU.ActiveCfg = Debug|Any CPU
		{948C71C6-A2DD-4421-849E-3B8B36C035B2}.Debug|Any CPU.Build.0 = Debug|Any CPU
		{948C71C6-A2DD-4421-849E-3B8B36C035B2}.Release|Any CPU.ActiveCfg = Release|Any CPU
		{948C71C6-A2DD-4421-849E-3B8B36C035B2}.Release|Any CPU.Build.0 = Release|Any CPU
		{4FC734F3-6396-4945-BF83-69AA4BAAE8E6}.Debug|Any CPU.ActiveCfg = Debug|Any CPU
		{4FC734F3-6396-4945-BF83-69AA4BAAE8E6}.Debug|Any CPU.Build.0 = Debug|Any CPU
		{4FC734F3-6396-4945-BF83-69AA4BAAE8E6}.Release|Any CPU.ActiveCfg = Release|Any CPU
		{4FC734F3-6396-4945-BF83-69AA4BAAE8E6}.Release|Any CPU.Build.0 = Release|Any CPU
		{74407C0F-8BA8-41EC-82A0-8D8FF66F44BF}.Debug|Any CPU.ActiveCfg = Debug|Any CPU
		{74407C0F-8BA8-41EC-82A0-8D8FF66F44BF}.Debug|Any CPU.Build.0 = Debug|Any CPU
		{74407C0F-8BA8-41EC-82A0-8D8FF66F44BF}.Release|Any CPU.ActiveCfg = Release|Any CPU
		{74407C0F-8BA8-41EC-82A0-8D8FF66F44BF}.Release|Any CPU.Build.0 = Release|Any CPU
		{02E32276-C2E2-4850-822E-7838D3770993}.Debug|Any CPU.ActiveCfg = Debug|Any CPU
		{02E32276-C2E2-4850-822E-7838D3770993}.Debug|Any CPU.Build.0 = Debug|Any CPU
		{02E32276-C2E2-4850-822E-7838D3770993}.Release|Any CPU.ActiveCfg = Release|Any CPU
		{02E32276-C2E2-4850-822E-7838D3770993}.Release|Any CPU.Build.0 = Release|Any CPU
	EndGlobalSection
	GlobalSection(SolutionProperties) = preSolution
		HideSolutionNode = FALSE
	EndGlobalSection
	GlobalSection(ExtensibilityGlobals) = postSolution
		SolutionGuid = {AF88FE85-9A99-4426-84EC-D6A08B413E09}
	EndGlobalSection
EndGlobal
