
Microsoft Visual Studio Solution File, Format Version 12.00
# Visual Studio Version 17
VisualStudioVersion = 17.8.34330.188
MinimumVisualStudioVersion = 10.0.40219.1
Project("{9A19103F-16F7-4668-BE54-9A1E7A4F7556}") = "01.SortEvenNumbers", "01. Sort Even Numbers\01.SortEvenNumbers.csproj", "{3E6B4B45-E833-44C0-A65F-D8B13A15DBA0}"
EndProject
Project("{9A19103F-16F7-4668-BE54-9A1E7A4F7556}") = "02.SumNumbers", "02.SumNumbers\02.SumNumbers.csproj", "{E3A9AACB-B214-4971-95C4-996698B9EEB2}"
EndProject
Project("{FAE04EC0-301F-11D3-BF4B-00C04F79EFBC}") = "03.CountUppercaseWords", "03.CountUppercaseWords\03.CountUppercaseWords.csproj", "{091EDE18-1714-4B4F-AC68-6891CAF23704}"
EndProject
Project("{FAE04EC0-301F-11D3-BF4B-00C04F79EFBC}") = "04.AddVAT", "04.AddVAT\04.AddVAT.csproj", "{B66E3F57-8488-46DB-8B85-9D10CABB0548}"
EndProject
Project("{FAE04EC0-301F-11D3-BF4B-00C04F79EFBC}") = "05.FilterByAge", "05.FilterByAge\05.FilterByAge.csproj", "{065CAA16-B78B-44F9-9572-129EE8FEFC08}"
EndProject
Global
	GlobalSection(SolutionConfigurationPlatforms) = preSolution
		Debug|Any CPU = Debug|Any CPU
		Release|Any CPU = Release|Any CPU
	EndGlobalSection
	GlobalSection(ProjectConfigurationPlatforms) = postSolution
		{3E6B4B45-E833-44C0-A65F-D8B13A15DBA0}.Debug|Any CPU.ActiveCfg = Debug|Any CPU
		{3E6B4B45-E833-44C0-A65F-D8B13A15DBA0}.Debug|Any CPU.Build.0 = Debug|Any CPU
		{3E6B4B45-E833-44C0-A65F-D8B13A15DBA0}.Release|Any CPU.ActiveCfg = Release|Any CPU
		{3E6B4B45-E833-44C0-A65F-D8B13A15DBA0}.Release|Any CPU.Build.0 = Release|Any CPU
		{E3A9AACB-B214-4971-95C4-996698B9EEB2}.Debug|Any CPU.ActiveCfg = Debug|Any CPU
		{E3A9AACB-B214-4971-95C4-996698B9EEB2}.Debug|Any CPU.Build.0 = Debug|Any CPU
		{E3A9AACB-B214-4971-95C4-996698B9EEB2}.Release|Any CPU.ActiveCfg = Release|Any CPU
		{E3A9AACB-B214-4971-95C4-996698B9EEB2}.Release|Any CPU.Build.0 = Release|Any CPU
		{091EDE18-1714-4B4F-AC68-6891CAF23704}.Debug|Any CPU.ActiveCfg = Debug|Any CPU
		{091EDE18-1714-4B4F-AC68-6891CAF23704}.Debug|Any CPU.Build.0 = Debug|Any CPU
		{091EDE18-1714-4B4F-AC68-6891CAF23704}.Release|Any CPU.ActiveCfg = Release|Any CPU
		{091EDE18-1714-4B4F-AC68-6891CAF23704}.Release|Any CPU.Build.0 = Release|Any CPU
		{B66E3F57-8488-46DB-8B85-9D10CABB0548}.Debug|Any CPU.ActiveCfg = Debug|Any CPU
		{B66E3F57-8488-46DB-8B85-9D10CABB0548}.Debug|Any CPU.Build.0 = Debug|Any CPU
		{B66E3F57-8488-46DB-8B85-9D10CABB0548}.Release|Any CPU.ActiveCfg = Release|Any CPU
		{B66E3F57-8488-46DB-8B85-9D10CABB0548}.Release|Any CPU.Build.0 = Release|Any CPU
		{065CAA16-B78B-44F9-9572-129EE8FEFC08}.Debug|Any CPU.ActiveCfg = Debug|Any CPU
		{065CAA16-B78B-44F9-9572-129EE8FEFC08}.Debug|Any CPU.Build.0 = Debug|Any CPU
		{065CAA16-B78B-44F9-9572-129EE8FEFC08}.Release|Any CPU.ActiveCfg = Release|Any CPU
		{065CAA16-B78B-44F9-9572-129EE8FEFC08}.Release|Any CPU.Build.0 = Release|Any CPU
	EndGlobalSection
	GlobalSection(SolutionProperties) = preSolution
		HideSolutionNode = FALSE
	EndGlobalSection
	GlobalSection(ExtensibilityGlobals) = postSolution
		SolutionGuid = {9DE7825C-EA0C-421D-89AA-7F3D28B1B6E6}
	EndGlobalSection
EndGlobal
