
Microsoft Visual Studio Solution File, Format Version 12.00
# Visual Studio Version 17
VisualStudioVersion = 17.8.34330.188
MinimumVisualStudioVersion = 10.0.40219.1
Project("{9A19103F-16F7-4668-BE54-9A1E7A4F7556}") = "01. Count Chars in a String", "01. Count Chars in a String\01. Count Chars in a String.csproj", "{0927CEC0-7D93-4E60-B279-036A41F65044}"
EndProject
Project("{9A19103F-16F7-4668-BE54-9A1E7A4F7556}") = "02. A Miner Task", "02. A Miner Task\02. A Miner Task.csproj", "{0D33BFAB-83BA-4481-BFCF-510D5AC164AA}"
EndProject
Project("{9A19103F-16F7-4668-BE54-9A1E7A4F7556}") = "03. Orders", "03. Orders\03. Orders.csproj", "{D00CDEA6-C311-4825-AA28-ABFFA2315FC7}"
EndProject
Project("{9A19103F-16F7-4668-BE54-9A1E7A4F7556}") = "04. SoftUni Parking", "04. SoftUni Parking\04. SoftUni Parking.csproj", "{19E810B9-B86B-42F8-9054-BF4013197C61}"
EndProject
Project("{9A19103F-16F7-4668-BE54-9A1E7A4F7556}") = "05. Courses", "05. Courses\05. Courses.csproj", "{45F40994-4686-4181-8ED4-4917D8CE4409}"
EndProject
Project("{FAE04EC0-301F-11D3-BF4B-00C04F79EFBC}") = "06. Student Academy", "06. Student Academy\06. Student Academy.csproj", "{B095E98C-0307-4ED9-990C-871A252E8679}"
EndProject
Project("{FAE04EC0-301F-11D3-BF4B-00C04F79EFBC}") = "07. Company Users", "07. Company Users\07. Company Users.csproj", "{9E8718C0-82F2-4249-9221-67B1D86900CF}"
EndProject
Global
	GlobalSection(SolutionConfigurationPlatforms) = preSolution
		Debug|Any CPU = Debug|Any CPU
		Release|Any CPU = Release|Any CPU
	EndGlobalSection
	GlobalSection(ProjectConfigurationPlatforms) = postSolution
		{0927CEC0-7D93-4E60-B279-036A41F65044}.Debug|Any CPU.ActiveCfg = Debug|Any CPU
		{0927CEC0-7D93-4E60-B279-036A41F65044}.Debug|Any CPU.Build.0 = Debug|Any CPU
		{0927CEC0-7D93-4E60-B279-036A41F65044}.Release|Any CPU.ActiveCfg = Release|Any CPU
		{0927CEC0-7D93-4E60-B279-036A41F65044}.Release|Any CPU.Build.0 = Release|Any CPU
		{0D33BFAB-83BA-4481-BFCF-510D5AC164AA}.Debug|Any CPU.ActiveCfg = Debug|Any CPU
		{0D33BFAB-83BA-4481-BFCF-510D5AC164AA}.Debug|Any CPU.Build.0 = Debug|Any CPU
		{0D33BFAB-83BA-4481-BFCF-510D5AC164AA}.Release|Any CPU.ActiveCfg = Release|Any CPU
		{0D33BFAB-83BA-4481-BFCF-510D5AC164AA}.Release|Any CPU.Build.0 = Release|Any CPU
		{D00CDEA6-C311-4825-AA28-ABFFA2315FC7}.Debug|Any CPU.ActiveCfg = Debug|Any CPU
		{D00CDEA6-C311-4825-AA28-ABFFA2315FC7}.Debug|Any CPU.Build.0 = Debug|Any CPU
		{D00CDEA6-C311-4825-AA28-ABFFA2315FC7}.Release|Any CPU.ActiveCfg = Release|Any CPU
		{D00CDEA6-C311-4825-AA28-ABFFA2315FC7}.Release|Any CPU.Build.0 = Release|Any CPU
		{19E810B9-B86B-42F8-9054-BF4013197C61}.Debug|Any CPU.ActiveCfg = Debug|Any CPU
		{19E810B9-B86B-42F8-9054-BF4013197C61}.Debug|Any CPU.Build.0 = Debug|Any CPU
		{19E810B9-B86B-42F8-9054-BF4013197C61}.Release|Any CPU.ActiveCfg = Release|Any CPU
		{19E810B9-B86B-42F8-9054-BF4013197C61}.Release|Any CPU.Build.0 = Release|Any CPU
		{45F40994-4686-4181-8ED4-4917D8CE4409}.Debug|Any CPU.ActiveCfg = Debug|Any CPU
		{45F40994-4686-4181-8ED4-4917D8CE4409}.Debug|Any CPU.Build.0 = Debug|Any CPU
		{45F40994-4686-4181-8ED4-4917D8CE4409}.Release|Any CPU.ActiveCfg = Release|Any CPU
		{45F40994-4686-4181-8ED4-4917D8CE4409}.Release|Any CPU.Build.0 = Release|Any CPU
		{B095E98C-0307-4ED9-990C-871A252E8679}.Debug|Any CPU.ActiveCfg = Debug|Any CPU
		{B095E98C-0307-4ED9-990C-871A252E8679}.Debug|Any CPU.Build.0 = Debug|Any CPU
		{B095E98C-0307-4ED9-990C-871A252E8679}.Release|Any CPU.ActiveCfg = Release|Any CPU
		{B095E98C-0307-4ED9-990C-871A252E8679}.Release|Any CPU.Build.0 = Release|Any CPU
		{9E8718C0-82F2-4249-9221-67B1D86900CF}.Debug|Any CPU.ActiveCfg = Debug|Any CPU
		{9E8718C0-82F2-4249-9221-67B1D86900CF}.Debug|Any CPU.Build.0 = Debug|Any CPU
		{9E8718C0-82F2-4249-9221-67B1D86900CF}.Release|Any CPU.ActiveCfg = Release|Any CPU
		{9E8718C0-82F2-4249-9221-67B1D86900CF}.Release|Any CPU.Build.0 = Release|Any CPU
	EndGlobalSection
	GlobalSection(SolutionProperties) = preSolution
		HideSolutionNode = FALSE
	EndGlobalSection
	GlobalSection(ExtensibilityGlobals) = postSolution
		SolutionGuid = {192E527D-75E4-4D65-9142-F5B53399BC21}
	EndGlobalSection
EndGlobal
