
Microsoft Visual Studio Solution File, Format Version 12.00
# Visual Studio Version 17
VisualStudioVersion = 17.8.34330.188
MinimumVisualStudioVersion = 10.0.40219.1
Project("{FAE04EC0-301F-11D3-BF4B-00C04F79EFBC}") = "SoftUni", "SoftUni\SoftUni.csproj", "{8BF29045-B3F7-445C-A8E7-B8058CBD91A3}"
EndProject
Global
	GlobalSection(SolutionConfigurationPlatforms) = preSolution
		Debug|Any CPU = Debug|Any CPU
		Release|Any CPU = Release|Any CPU
	EndGlobalSection
	GlobalSection(ProjectConfigurationPlatforms) = postSolution
		{8BF29045-B3F7-445C-A8E7-B8058CBD91A3}.Debug|Any CPU.ActiveCfg = Debug|Any CPU
		{8BF29045-B3F7-445C-A8E7-B8058CBD91A3}.Debug|Any CPU.Build.0 = Debug|Any CPU
		{8BF29045-B3F7-445C-A8E7-B8058CBD91A3}.Release|Any CPU.ActiveCfg = Release|Any CPU
		{8BF29045-B3F7-445C-A8E7-B8058CBD91A3}.Release|Any CPU.Build.0 = Release|Any CPU
	EndGlobalSection
	GlobalSection(SolutionProperties) = preSolution
		HideSolutionNode = FALSE
	EndGlobalSection
	GlobalSection(ExtensibilityGlobals) = postSolution
		SolutionGuid = {F5810493-0709-4DC1-BC6A-9BB516735BEA}
	EndGlobalSection
EndGlobal
