
Microsoft Visual Studio Solution File, Format Version 12.00
# Visual Studio Version 17
VisualStudioVersion = 17.8.34330.188
MinimumVisualStudioVersion = 10.0.40219.1
Project("{9A19103F-16F7-4668-BE54-9A1E7A4F7556}") = "01.ReverseString", "01.ReverseString\01.ReverseString.csproj", "{2B2922BB-A8DF-445C-9B6C-E00779D2800B}"
EndProject
Project("{9A19103F-16F7-4668-BE54-9A1E7A4F7556}") = "02.StackSum", "02.StackSum\02.StackSum.csproj", "{6B303BD5-2529-4B7A-91C3-757C9D32CC81}"
EndProject
Project("{9A19103F-16F7-4668-BE54-9A1E7A4F7556}") = "03.SimpleCalculator", "03.SimpleCalculator\03.SimpleCalculator.csproj", "{683066F7-B714-4BFC-B148-BC33E40963B4}"
EndProject
Project("{9A19103F-16F7-4668-BE54-9A1E7A4F7556}") = "04.MatchingBrackets", "04.MatchingBrackets\04.MatchingBrackets.csproj", "{7B08B46F-C848-4715-B305-A912F941CD54}"
EndProject
Project("{9A19103F-16F7-4668-BE54-9A1E7A4F7556}") = "05.PrintEvenNumbers", "05.PrintEvenNumbers\05.PrintEvenNumbers.csproj", "{9530DBC4-EF5E-4015-8719-2DC94BC866BC}"
EndProject
Project("{9A19103F-16F7-4668-BE54-9A1E7A4F7556}") = "06.Supermarket", "06.Supermarket\06.Supermarket.csproj", "{483B7179-4162-4D4D-964D-2CBCEE4F0B4E}"
EndProject
Project("{9A19103F-16F7-4668-BE54-9A1E7A4F7556}") = "07.HotPotato", "07.HotPotato\07.HotPotato.csproj", "{60C1DE01-12E6-4AB5-8A8B-4FDA6C75CAF8}"
EndProject
Project("{FAE04EC0-301F-11D3-BF4B-00C04F79EFBC}") = "08.TrafficJam", "08.TrafficJam\08.TrafficJam.csproj", "{2ACF593A-6E75-4687-A46A-34318C433286}"
EndProject
Global
	GlobalSection(SolutionConfigurationPlatforms) = preSolution
		Debug|Any CPU = Debug|Any CPU
		Release|Any CPU = Release|Any CPU
	EndGlobalSection
	GlobalSection(ProjectConfigurationPlatforms) = postSolution
		{2B2922BB-A8DF-445C-9B6C-E00779D2800B}.Debug|Any CPU.ActiveCfg = Debug|Any CPU
		{2B2922BB-A8DF-445C-9B6C-E00779D2800B}.Debug|Any CPU.Build.0 = Debug|Any CPU
		{2B2922BB-A8DF-445C-9B6C-E00779D2800B}.Release|Any CPU.ActiveCfg = Release|Any CPU
		{2B2922BB-A8DF-445C-9B6C-E00779D2800B}.Release|Any CPU.Build.0 = Release|Any CPU
		{6B303BD5-2529-4B7A-91C3-757C9D32CC81}.Debug|Any CPU.ActiveCfg = Debug|Any CPU
		{6B303BD5-2529-4B7A-91C3-757C9D32CC81}.Debug|Any CPU.Build.0 = Debug|Any CPU
		{6B303BD5-2529-4B7A-91C3-757C9D32CC81}.Release|Any CPU.ActiveCfg = Release|Any CPU
		{6B303BD5-2529-4B7A-91C3-757C9D32CC81}.Release|Any CPU.Build.0 = Release|Any CPU
		{683066F7-B714-4BFC-B148-BC33E40963B4}.Debug|Any CPU.ActiveCfg = Debug|Any CPU
		{683066F7-B714-4BFC-B148-BC33E40963B4}.Debug|Any CPU.Build.0 = Debug|Any CPU
		{683066F7-B714-4BFC-B148-BC33E40963B4}.Release|Any CPU.ActiveCfg = Release|Any CPU
		{683066F7-B714-4BFC-B148-BC33E40963B4}.Release|Any CPU.Build.0 = Release|Any CPU
		{7B08B46F-C848-4715-B305-A912F941CD54}.Debug|Any CPU.ActiveCfg = Debug|Any CPU
		{7B08B46F-C848-4715-B305-A912F941CD54}.Debug|Any CPU.Build.0 = Debug|Any CPU
		{7B08B46F-C848-4715-B305-A912F941CD54}.Release|Any CPU.ActiveCfg = Release|Any CPU
		{7B08B46F-C848-4715-B305-A912F941CD54}.Release|Any CPU.Build.0 = Release|Any CPU
		{9530DBC4-EF5E-4015-8719-2DC94BC866BC}.Debug|Any CPU.ActiveCfg = Debug|Any CPU
		{9530DBC4-EF5E-4015-8719-2DC94BC866BC}.Debug|Any CPU.Build.0 = Debug|Any CPU
		{9530DBC4-EF5E-4015-8719-2DC94BC866BC}.Release|Any CPU.ActiveCfg = Release|Any CPU
		{9530DBC4-EF5E-4015-8719-2DC94BC866BC}.Release|Any CPU.Build.0 = Release|Any CPU
		{483B7179-4162-4D4D-964D-2CBCEE4F0B4E}.Debug|Any CPU.ActiveCfg = Debug|Any CPU
		{483B7179-4162-4D4D-964D-2CBCEE4F0B4E}.Debug|Any CPU.Build.0 = Debug|Any CPU
		{483B7179-4162-4D4D-964D-2CBCEE4F0B4E}.Release|Any CPU.ActiveCfg = Release|Any CPU
		{483B7179-4162-4D4D-964D-2CBCEE4F0B4E}.Release|Any CPU.Build.0 = Release|Any CPU
		{60C1DE01-12E6-4AB5-8A8B-4FDA6C75CAF8}.Debug|Any CPU.ActiveCfg = Debug|Any CPU
		{60C1DE01-12E6-4AB5-8A8B-4FDA6C75CAF8}.Debug|Any CPU.Build.0 = Debug|Any CPU
		{60C1DE01-12E6-4AB5-8A8B-4FDA6C75CAF8}.Release|Any CPU.ActiveCfg = Release|Any CPU
		{60C1DE01-12E6-4AB5-8A8B-4FDA6C75CAF8}.Release|Any CPU.Build.0 = Release|Any CPU
		{2ACF593A-6E75-4687-A46A-34318C433286}.Debug|Any CPU.ActiveCfg = Debug|Any CPU
		{2ACF593A-6E75-4687-A46A-34318C433286}.Debug|Any CPU.Build.0 = Debug|Any CPU
		{2ACF593A-6E75-4687-A46A-34318C433286}.Release|Any CPU.ActiveCfg = Release|Any CPU
		{2ACF593A-6E75-4687-A46A-34318C433286}.Release|Any CPU.Build.0 = Release|Any CPU
	EndGlobalSection
	GlobalSection(SolutionProperties) = preSolution
		HideSolutionNode = FALSE
	EndGlobalSection
	GlobalSection(ExtensibilityGlobals) = postSolution
		SolutionGuid = {F6473E4E-5291-409E-81D4-91D54C012D4F}
	EndGlobalSection
EndGlobal
